
Microsoft Visual Studio Solution File, Format Version 12.00
# Visual Studio Version 17
VisualStudioVersion = 17.7.34031.279
MinimumVisualStudioVersion = 10.0.40219.1
Project("{8BC9CEB8-8B4A-11D0-8D11-00A0C91BC942}") = "SplitProgram", "SplitProgram.vcxproj", "{CCEB6425-4660-46FD-975B-0DBAA0DC83EF}"
EndProject
Global
	GlobalSection(SolutionConfigurationPlatforms) = preSolution
		Debug|x64 = Debug|x64
		Debug|x86 = Debug|x86
		Release|x64 = Release|x64
		Release|x86 = Release|x86
	EndGlobalSection
	GlobalSection(ProjectConfigurationPlatforms) = postSolution
		{CCEB6425-4660-46FD-975B-0DBAA0DC83EF}.Debug|x64.ActiveCfg = Debug|x64
		{CCEB6425-4660-46FD-975B-0DBAA0DC83EF}.Debug|x64.Build.0 = Debug|x64
		{CCEB6425-4660-46FD-975B-0DBAA0DC83EF}.Debug|x86.ActiveCfg = Debug|Win32
		{CCEB6425-4660-46FD-975B-0DBAA0DC83EF}.Debug|x86.Build.0 = Debug|Win32
		{CCEB6425-4660-46FD-975B-0DBAA0DC83EF}.Release|x64.ActiveCfg = Release|x64
		{CCEB6425-4660-46FD-975B-0DBAA0DC83EF}.Release|x64.Build.0 = Release|x64
		{CCEB6425-4660-46FD-975B-0DBAA0DC83EF}.Release|x86.ActiveCfg = Release|Win32
		{CCEB6425-4660-46FD-975B-0DBAA0DC83EF}.Release|x86.Build.0 = Release|Win32
	EndGlobalSection
	GlobalSection(SolutionProperties) = preSolution
		HideSolutionNode = FALSE
	EndGlobalSection
	GlobalSection(ExtensibilityGlobals) = postSolution
		SolutionGuid = {90AA9490-682D-4132-BA4F-DD966E51033D}
	EndGlobalSection
EndGlobal
